
Microsoft Visual Studio Solution File, Format Version 12.00
# Visual Studio 15
VisualStudioVersion = 15.0.27428.2043
MinimumVisualStudioVersion = 10.0.40219.1
Project("{8BC9CEB8-8B4A-11D0-8D11-00A0C91BC942}") = "GLQuake3D", "GLQuake3D.vcxproj", "{F3979688-0542-45B9-A8CA-C3A305B3F443}"
EndProject
Global
	GlobalSection(SolutionConfigurationPlatforms) = preSolution
		Debug|Win32 = Debug|Win32
		GL Debug|Win32 = GL Debug|Win32
		GL Release|Win32 = GL Release|Win32
		Release|Win32 = Release|Win32
	EndGlobalSection
	GlobalSection(ProjectConfigurationPlatforms) = postSolution
		{F3979688-0542-45B9-A8CA-C3A305B3F443}.Debug|Win32.ActiveCfg = Debug|Win32
		{F3979688-0542-45B9-A8CA-C3A305B3F443}.Debug|Win32.Build.0 = Debug|Win32
		{F3979688-0542-45B9-A8CA-C3A305B3F443}.GL Debug|Win32.ActiveCfg = GL Debug|Win32
		{F3979688-0542-45B9-A8CA-C3A305B3F443}.GL Debug|Win32.Build.0 = GL Debug|Win32
		{F3979688-0542-45B9-A8CA-C3A305B3F443}.GL Release|Win32.ActiveCfg = GL Release|Win32
		{F3979688-0542-45B9-A8CA-C3A305B3F443}.GL Release|Win32.Build.0 = GL Release|Win32
		{F3979688-0542-45B9-A8CA-C3A305B3F443}.Release|Win32.ActiveCfg = Release|Win32
		{F3979688-0542-45B9-A8CA-C3A305B3F443}.Release|Win32.Build.0 = Release|Win32
	EndGlobalSection
	GlobalSection(SolutionProperties) = preSolution
		HideSolutionNode = FALSE
	EndGlobalSection
	GlobalSection(ExtensibilityGlobals) = postSolution
		SolutionGuid = {D5214EE1-A11D-4680-B8E6-FFAB4F1A7A30}
	EndGlobalSection
EndGlobal
